# This is a Gradle generated file for dependency locking.
# Manual edits can break the build and are not advised.
# This file is expected to be part of source control.
com.fasterxml.jackson.core:jackson-annotations:2.6.7
com.fasterxml.jackson.core:jackson-core:2.6.7
com.fasterxml.jackson.core:jackson-databind:2.6.7
org.embulk:embulk-util-config:0.3.1
org.embulk:embulk-util-json:0.1.1
org.embulk:embulk-util-timestamp:0.2.1
org.msgpack:msgpack-core:0.8.11
org.slf4j:slf4j-api:1.7.30
