# This is a Gradle generated file for dependency locking.
# Manual edits can break the build and are not advised.
# This file is expected to be part of source control.
ch.qos.logback:logback-classic:1.3.6=compileClasspath,runtimeClasspath
ch.qos.logback:logback-core:1.3.6=compileClasspath,runtimeClasspath
com.fasterxml.jackson.core:jackson-annotations:2.16.2=deps,embulk-decoder-bzip2,embulk-decoder-gzip,embulk-encoder-bzip2,embulk-encoder-gzip,embulk-filter-remove_columns,embulk-filter-rename,embulk-formatter-csv,embulk-guess-bzip2,embulk-guess-csv,embulk-guess-csv_all_strings,embulk-guess-gzip,embulk-guess-json,embulk-input-config,embulk-input-file,embulk-output-file,embulk-output-null,embulk-output-stdout,embulk-parser-csv,embulk-parser-json
com.fasterxml.jackson.core:jackson-core:2.16.2=deps,embulk-decoder-bzip2,embulk-decoder-gzip,embulk-encoder-bzip2,embulk-encoder-gzip,embulk-filter-remove_columns,embulk-filter-rename,embulk-formatter-csv,embulk-guess-bzip2,embulk-guess-csv,embulk-guess-csv_all_strings,embulk-guess-gzip,embulk-guess-json,embulk-input-config,embulk-input-file,embulk-output-file,embulk-output-null,embulk-output-stdout,embulk-parser-csv,embulk-parser-json
com.fasterxml.jackson.core:jackson-databind:2.16.2=deps,embulk-decoder-bzip2,embulk-decoder-gzip,embulk-encoder-bzip2,embulk-encoder-gzip,embulk-filter-remove_columns,embulk-filter-rename,embulk-formatter-csv,embulk-guess-bzip2,embulk-guess-csv,embulk-guess-csv_all_strings,embulk-guess-gzip,embulk-guess-json,embulk-input-config,embulk-input-file,embulk-output-file,embulk-output-null,embulk-output-stdout,embulk-parser-csv,embulk-parser-json
com.fasterxml.jackson.datatype:jackson-datatype-jdk8:2.16.2=deps,embulk-decoder-bzip2,embulk-decoder-gzip,embulk-encoder-bzip2,embulk-encoder-gzip,embulk-filter-remove_columns,embulk-filter-rename,embulk-formatter-csv,embulk-guess-bzip2,embulk-guess-csv,embulk-guess-csv_all_strings,embulk-guess-gzip,embulk-guess-json,embulk-input-config,embulk-input-file,embulk-output-file,embulk-output-null,embulk-output-stdout,embulk-parser-csv,embulk-parser-json
com.fasterxml.jackson:jackson-bom:2.16.2=deps
commons-cli:commons-cli:1.7.0=deps
commons-codec:commons-codec:1.16.1=deps
commons-codec:commons-codec:1.17.0=embulk-decoder-bzip2,embulk-encoder-bzip2
commons-io:commons-io:2.16.1=embulk-decoder-bzip2,embulk-encoder-bzip2
io.netty:netty-buffer:4.1.109.Final=deps
io.netty:netty-common:4.1.109.Final=deps
javax.inject:javax.inject:1=deps
javax.validation:validation-api:2.0.1.Final=embulk-decoder-bzip2,embulk-decoder-gzip,embulk-encoder-bzip2,embulk-encoder-gzip,embulk-filter-remove_columns,embulk-filter-rename,embulk-formatter-csv,embulk-guess-bzip2,embulk-guess-csv,embulk-guess-csv_all_strings,embulk-guess-gzip,embulk-guess-json,embulk-input-config,embulk-input-file,embulk-output-file,embulk-output-null,embulk-output-stdout,embulk-parser-csv,embulk-parser-json
org.apache.commons:commons-compress:1.26.1=embulk-decoder-bzip2,embulk-encoder-bzip2
org.apache.commons:commons-lang3:3.14.0=deps,embulk-decoder-bzip2,embulk-encoder-bzip2
org.apache.httpcomponents:httpclient:4.5.14=deps
org.apache.httpcomponents:httpcore:4.4.16=deps
org.apache.maven.resolver:maven-resolver-api:1.9.20=deps
org.apache.maven.resolver:maven-resolver-connector-basic:1.9.20=deps
org.apache.maven.resolver:maven-resolver-impl:1.9.20=deps
org.apache.maven.resolver:maven-resolver-named-locks:1.9.20=deps
org.apache.maven.resolver:maven-resolver-spi:1.9.20=deps
org.apache.maven.resolver:maven-resolver-supplier:1.9.20=deps
org.apache.maven.resolver:maven-resolver-transport-file:1.9.20=deps
org.apache.maven.resolver:maven-resolver-transport-http:1.9.20=deps
org.apache.maven.resolver:maven-resolver-util:1.9.20=deps
org.apache.maven:maven-artifact:3.9.6=deps
org.apache.maven:maven-builder-support:3.9.6=deps
org.apache.maven:maven-model-builder:3.9.6=deps
org.apache.maven:maven-model:3.9.6=deps
org.apache.maven:maven-repository-metadata:3.9.6=deps
org.apache.maven:maven-resolver-provider:3.9.6=deps
org.codehaus.plexus:plexus-interpolation:1.26=deps
org.codehaus.plexus:plexus-utils:3.5.1=deps
org.eclipse.sisu:org.eclipse.sisu.inject:0.9.0.M2=deps
org.embulk:embulk-decoder-bzip2:0.11.1=embulk-decoder-bzip2
org.embulk:embulk-decoder-gzip:0.11.1=embulk-decoder-gzip
org.embulk:embulk-encoder-bzip2:0.11.1=embulk-encoder-bzip2
org.embulk:embulk-encoder-gzip:0.11.1=embulk-encoder-gzip
org.embulk:embulk-filter-remove_columns:0.11.1=embulk-filter-remove_columns
org.embulk:embulk-filter-rename:0.11.1=embulk-filter-rename
org.embulk:embulk-formatter-csv:0.11.2=embulk-formatter-csv
org.embulk:embulk-guess-bzip2:0.11.1=embulk-guess-bzip2
org.embulk:embulk-guess-csv:0.11.6=embulk-guess-csv,embulk-guess-csv_all_strings
org.embulk:embulk-guess-csv_all_strings:0.11.6=embulk-guess-csv_all_strings
org.embulk:embulk-guess-gzip:0.11.1=embulk-guess-gzip
org.embulk:embulk-guess-json:0.11.2=embulk-guess-json
org.embulk:embulk-input-config:0.11.2=embulk-input-config
org.embulk:embulk-input-file:0.11.1=embulk-input-file
org.embulk:embulk-output-file:0.11.1=embulk-output-file
org.embulk:embulk-output-null:0.11.1=embulk-output-null
org.embulk:embulk-output-stdout:0.11.1=embulk-output-stdout
org.embulk:embulk-parser-csv:0.11.6=embulk-guess-csv,embulk-guess-csv_all_strings,embulk-parser-csv
org.embulk:embulk-parser-json:0.11.2=embulk-parser-json
org.embulk:embulk-spi:0.11=compileClasspath
org.embulk:embulk-util-config:0.5.0=embulk-decoder-bzip2,embulk-decoder-gzip,embulk-encoder-bzip2,embulk-encoder-gzip,embulk-filter-remove_columns,embulk-filter-rename,embulk-formatter-csv,embulk-guess-bzip2,embulk-guess-csv,embulk-guess-csv_all_strings,embulk-guess-gzip,embulk-guess-json,embulk-input-config,embulk-input-file,embulk-output-file,embulk-output-null,embulk-output-stdout,embulk-parser-csv,embulk-parser-json
org.embulk:embulk-util-csv:0.3.0=embulk-guess-csv,embulk-guess-csv_all_strings,embulk-parser-csv
org.embulk:embulk-util-file:0.2.0=embulk-decoder-bzip2,embulk-decoder-gzip,embulk-encoder-bzip2,embulk-encoder-gzip,embulk-formatter-csv,embulk-guess-csv,embulk-guess-csv_all_strings,embulk-guess-json,embulk-input-file,embulk-parser-csv,embulk-parser-json
org.embulk:embulk-util-guess:0.4.0=embulk-guess-csv,embulk-guess-csv_all_strings
org.embulk:embulk-util-json:0.5.0=embulk-guess-csv,embulk-guess-csv_all_strings,embulk-guess-json,embulk-input-config,embulk-parser-csv,embulk-parser-json
org.embulk:embulk-util-rubytime:0.4.0=deps,embulk-formatter-csv,embulk-guess-csv,embulk-guess-csv_all_strings,embulk-input-config,embulk-output-stdout,embulk-parser-csv,embulk-parser-json
org.embulk:embulk-util-text:0.2.0=embulk-formatter-csv,embulk-guess-csv,embulk-guess-csv_all_strings,embulk-parser-csv
org.embulk:embulk-util-timestamp:0.3.0=deps,embulk-formatter-csv,embulk-guess-csv,embulk-guess-csv_all_strings,embulk-input-config,embulk-output-stdout,embulk-parser-csv,embulk-parser-json
org.msgpack:msgpack-core:0.8.24=compileClasspath,runtimeClasspath
org.slf4j:jcl-over-slf4j:2.0.7=deps
org.slf4j:slf4j-api:2.0.7=compileClasspath,runtimeClasspath
org.yaml:snakeyaml:2.2=deps
empty=
