# This is a Gradle generated file for dependency locking.
# Manual edits can break the build and are not advised.
# This file is expected to be part of source control.
ch.qos.logback:logback-classic:1.3.6=compileClasspath,runtimeClasspath
ch.qos.logback:logback-core:1.3.6=compileClasspath,runtimeClasspath
com.fasterxml.jackson.core:jackson-annotations:2.6.7=depsEmbedded,pluginEmbedded
com.fasterxml.jackson.core:jackson-core:2.6.7=depsEmbedded,pluginEmbedded
com.fasterxml.jackson.core:jackson-databind:2.6.7.5=depsEmbedded,pluginEmbedded
com.fasterxml.jackson.datatype:jackson-datatype-jdk8:2.6.7=depsEmbedded,pluginEmbedded
commons-cli:commons-cli:1.4=depsEmbedded
io.netty:netty-buffer:4.0.44.Final=depsEmbedded
io.netty:netty-common:4.0.44.Final=depsEmbedded
javax.inject:javax.inject:1=depsEmbedded
javax.validation:validation-api:1.1.0.Final=pluginEmbedded
org.apache.commons:commons-compress:1.10=pluginEmbedded
org.apache.commons:commons-lang3:3.8.1=depsEmbedded
org.apache.maven.resolver:maven-resolver-api:1.3.3=depsEmbedded
org.apache.maven.resolver:maven-resolver-impl:1.3.3=depsEmbedded
org.apache.maven.resolver:maven-resolver-spi:1.3.3=depsEmbedded
org.apache.maven.resolver:maven-resolver-util:1.3.3=depsEmbedded
org.apache.maven:maven-artifact:3.6.1=depsEmbedded
org.apache.maven:maven-builder-support:3.6.1=depsEmbedded
org.apache.maven:maven-model-builder:3.6.1=depsEmbedded
org.apache.maven:maven-model:3.6.1=depsEmbedded
org.apache.maven:maven-repository-metadata:3.6.1=depsEmbedded
org.apache.maven:maven-resolver-provider:3.6.1=depsEmbedded
org.codehaus.plexus:plexus-component-annotations:1.7.1=depsEmbedded
org.codehaus.plexus:plexus-interpolation:1.25=depsEmbedded
org.codehaus.plexus:plexus-utils:3.2.0=depsEmbedded
org.embulk:embulk-decoder-bzip2:0.10.41=pluginEmbedded
org.embulk:embulk-decoder-gzip:0.10.41=pluginEmbedded
org.embulk:embulk-encoder-bzip2:0.10.41=pluginEmbedded
org.embulk:embulk-encoder-gzip:0.10.41=pluginEmbedded
org.embulk:embulk-filter-remove_columns:0.10.41=pluginEmbedded
org.embulk:embulk-filter-rename:0.10.41=pluginEmbedded
org.embulk:embulk-formatter-csv:0.10.41=pluginEmbedded
org.embulk:embulk-guess-bzip2:0.10.41=pluginEmbedded
org.embulk:embulk-guess-csv:0.10.41=pluginEmbedded
org.embulk:embulk-guess-csv_all_strings:0.10.41=pluginEmbedded
org.embulk:embulk-guess-gzip:0.10.41=pluginEmbedded
org.embulk:embulk-guess-json:0.10.41=pluginEmbedded
org.embulk:embulk-input-config:0.10.41=pluginEmbedded
org.embulk:embulk-input-file:0.10.41=pluginEmbedded
org.embulk:embulk-output-file:0.10.41=pluginEmbedded
org.embulk:embulk-output-null:0.10.41=pluginEmbedded
org.embulk:embulk-output-stdout:0.10.41=pluginEmbedded
org.embulk:embulk-parser-csv:0.10.41=pluginEmbedded
org.embulk:embulk-parser-json:0.10.41=pluginEmbedded
org.embulk:embulk-util-config:0.3.3=pluginEmbedded
org.embulk:embulk-util-csv:0.2.2=pluginEmbedded
org.embulk:embulk-util-file:0.1.4=pluginEmbedded
org.embulk:embulk-util-guess:0.3.1=pluginEmbedded
org.embulk:embulk-util-json:0.2.1=depsEmbedded,pluginEmbedded
org.embulk:embulk-util-rubytime:0.3.3=depsEmbedded,pluginEmbedded
org.embulk:embulk-util-text:0.1.2=pluginEmbedded
org.embulk:embulk-util-timestamp:0.2.2=depsEmbedded,pluginEmbedded
org.msgpack:msgpack-core:0.8.24=compileClasspath,runtimeClasspath
org.slf4j:slf4j-api:2.0.7=compileClasspath,runtimeClasspath
org.yaml:snakeyaml:1.18=depsEmbedded
empty=
