# This is a Gradle generated file for dependency locking.
# Manual edits can break the build and are not advised.
# This file is expected to be part of source control.
com.fasterxml.jackson.core:jackson-annotations:2.6.7=compileClasspath,runtimeClasspath
com.fasterxml.jackson.core:jackson-core:2.6.7=compileClasspath,runtimeClasspath
com.fasterxml.jackson.core:jackson-databind:2.6.7.5=compileClasspath,runtimeClasspath
com.fasterxml.jackson.datatype:jackson-datatype-jdk8:2.6.7=compileClasspath,runtimeClasspath
commons-cli:commons-cli:1.4=compileClasspath,runtimeClasspath
commons-codec:commons-codec:1.16.0=runtimeClasspath
io.netty:netty-buffer:4.0.44.Final=compileClasspath,runtimeClasspath
io.netty:netty-common:4.0.44.Final=compileClasspath,runtimeClasspath
javax.inject:javax.inject:1=compileClasspath,runtimeClasspath
org.apache.commons:commons-lang3:3.13.0=compileClasspath,runtimeClasspath
org.apache.httpcomponents:httpclient:4.5.14=compileClasspath,runtimeClasspath
org.apache.httpcomponents:httpcore:4.4.16=compileClasspath,runtimeClasspath
org.apache.maven.resolver:maven-resolver-api:1.9.18=compileClasspath,runtimeClasspath
org.apache.maven.resolver:maven-resolver-connector-basic:1.9.18=compileClasspath,runtimeClasspath
org.apache.maven.resolver:maven-resolver-impl:1.9.18=compileClasspath,runtimeClasspath
org.apache.maven.resolver:maven-resolver-named-locks:1.9.18=compileClasspath,runtimeClasspath
org.apache.maven.resolver:maven-resolver-spi:1.9.18=compileClasspath,runtimeClasspath
org.apache.maven.resolver:maven-resolver-supplier:1.9.18=compileClasspath,runtimeClasspath
org.apache.maven.resolver:maven-resolver-transport-file:1.9.18=compileClasspath,runtimeClasspath
org.apache.maven.resolver:maven-resolver-transport-http:1.9.18=compileClasspath,runtimeClasspath
org.apache.maven.resolver:maven-resolver-util:1.9.18=compileClasspath,runtimeClasspath
org.apache.maven:maven-artifact:3.9.6=compileClasspath,runtimeClasspath
org.apache.maven:maven-builder-support:3.9.6=compileClasspath,runtimeClasspath
org.apache.maven:maven-model-builder:3.9.6=compileClasspath,runtimeClasspath
org.apache.maven:maven-model:3.9.6=compileClasspath,runtimeClasspath
org.apache.maven:maven-repository-metadata:3.9.6=compileClasspath,runtimeClasspath
org.apache.maven:maven-resolver-provider:3.9.6=compileClasspath,runtimeClasspath
org.codehaus.plexus:plexus-interpolation:1.26=compileClasspath,runtimeClasspath
org.codehaus.plexus:plexus-utils:3.5.1=compileClasspath,runtimeClasspath
org.eclipse.sisu:org.eclipse.sisu.inject:0.9.0.M2=compileClasspath,runtimeClasspath
org.embulk:embulk-util-rubytime:0.3.3=compileClasspath,runtimeClasspath
org.embulk:embulk-util-timestamp:0.2.2=compileClasspath,runtimeClasspath
org.msgpack:msgpack-core:0.8.24=compileClasspath
org.slf4j:jcl-over-slf4j:2.0.7=compileClasspath,runtimeClasspath
org.slf4j:slf4j-api:2.0.7=compileClasspath
org.yaml:snakeyaml:1.18=compileClasspath,runtimeClasspath
empty=
