# This is a Gradle generated file for dependency locking.
# Manual edits can break the build and are not advised.
# This file is expected to be part of source control.
com.fasterxml.jackson.core:jackson-annotations:2.6.7
com.fasterxml.jackson.core:jackson-core:2.6.7
com.fasterxml.jackson.core:jackson-databind:2.6.7.5
com.fasterxml.jackson.datatype:jackson-datatype-jdk8:2.6.7
javax.validation:validation-api:1.1.0.Final
org.apache.commons:commons-compress:1.10
org.embulk:embulk-decoder-bzip2:0.10.41
org.embulk:embulk-decoder-gzip:0.10.41
org.embulk:embulk-encoder-bzip2:0.10.41
org.embulk:embulk-encoder-gzip:0.10.41
org.embulk:embulk-filter-remove_columns:0.10.41
org.embulk:embulk-filter-rename:0.10.41
org.embulk:embulk-formatter-csv:0.10.41
org.embulk:embulk-guess-bzip2:0.10.41
org.embulk:embulk-guess-csv:0.10.41
org.embulk:embulk-guess-csv_all_strings:0.10.41
org.embulk:embulk-guess-gzip:0.10.41
org.embulk:embulk-guess-json:0.10.41
org.embulk:embulk-input-config:0.10.41
org.embulk:embulk-input-file:0.10.41
org.embulk:embulk-output-file:0.10.41
org.embulk:embulk-output-null:0.10.41
org.embulk:embulk-output-stdout:0.10.41
org.embulk:embulk-parser-csv:0.10.41
org.embulk:embulk-parser-json:0.10.41
org.embulk:embulk-util-config:0.3.3
org.embulk:embulk-util-csv:0.2.2
org.embulk:embulk-util-file:0.1.4
org.embulk:embulk-util-guess:0.3.1
org.embulk:embulk-util-json:0.2.1
org.embulk:embulk-util-rubytime:0.3.3
org.embulk:embulk-util-text:0.1.2
org.embulk:embulk-util-timestamp:0.2.2
