# This is a Gradle generated file for dependency locking.
# Manual edits can break the build and are not advised.
# This file is expected to be part of source control.
aopalliance:aopalliance:1.0
com.fasterxml.jackson.core:jackson-annotations:2.6.0
com.fasterxml.jackson.core:jackson-core:2.6.7
com.fasterxml.jackson.core:jackson-databind:2.6.7
com.google.guava:guava:18.0
com.google.inject:guice:4.0
javax.inject:javax.inject:1
javax.validation:validation-api:1.1.0.Final
joda-time:joda-time:2.9.2
org.apache.commons:commons-compress:1.10
org.msgpack:msgpack-core:0.8.11
org.slf4j:slf4j-api:1.7.12
