# This is a Gradle generated file for dependency locking.
# Manual edits can break the build and are not advised.
# This file is expected to be part of source control.
org.embulk:embulk-spi:0.11=compileClasspath,runtimeClasspath,spi
org.msgpack:msgpack-core:0.8.24=compileClasspath,runtimeClasspath
org.slf4j:slf4j-api:2.0.13=compileClasspath,runtimeClasspath
empty=
